github.com/google/go-cmp v0.2.0 h1:+dTQ8DZQJz0Mb/HjFlkptS1FeQ4cWSnN941F8aEG4SQ=
github.com/google/go-cmp v0.2.0/go.mod h1:oXzfMopK8JAjlY9xF4vHSVASa0yLyX7SntLO5aqRK0M=
github.com/roeldev/go-errs v0.1.0 h1:JhyWDg4e3exe9sUcvCnzizUJ2ChNy6MRCghSVqWKwJ8=
github.com/roeldev/go-errs v0.1.0/go.mod h1:iKiaaGdbPmJ/EKXU/s5e/KV8PnatYK7bZVNBSBljoJI=
github.com/roeldev/go-fail v0.0.0-20191112181001-76cbe6586b03 h1:YOqkQm2jgEKGHo13Lf5LEThvphQO/z5b5ZV0qf2/Sf8=
github.com/roeldev/go-fail v0.0.0-20191112181001-76cbe6586b03/go.mod h1:IvOHhc2iWxOHQSSuu9XHmO2xRth1/Dd/+yxn3Jvl1FM=
